
Microsoft Visual Studio Solution File, Format Version 12.00
# Visual Studio Version 16
VisualStudioVersion = 16.0.31112.23
MinimumVisualStudioVersion = 10.0.40219.1
Project("{9A19103F-16F7-4668-BE54-9A1E7A4F7556}") = "Demo.Models", "Demo.Models\Demo.Models.csproj", "{F894E307-D3AA-4EF9-85BC-87E94D56FA36}"
EndProject
Project("{9A19103F-16F7-4668-BE54-9A1E7A4F7556}") = "Demo.BusinessLayer", "Demo.BusinessLayer\Demo.BusinessLayer.csproj", "{E065690C-87DF-46D0-8743-F916E9DF386E}"
EndProject
Project("{9A19103F-16F7-4668-BE54-9A1E7A4F7556}") = "Demo.Entities", "Demo.Entities\Demo.Entities.csproj", "{B8B02754-FAC0-462C-A35D-F7CC8ACD6719}"
EndProject
Project("{9A19103F-16F7-4668-BE54-9A1E7A4F7556}") = "Demo.API", "Demo.API\Demo.API.csproj", "{DA11A498-564B-447F-BF90-F07715E68541}"
EndProject
Project("{FAE04EC0-301F-11D3-BF4B-00C04F79EFBC}") = "Demo.Web", "Demo.Web\Demo.Web.csproj", "{B4E0A21D-A655-4F87-AFAC-6D7EE661D069}"
EndProject
Global
	GlobalSection(SolutionConfigurationPlatforms) = preSolution
		Debug|Any CPU = Debug|Any CPU
		Release|Any CPU = Release|Any CPU
	EndGlobalSection
	GlobalSection(ProjectConfigurationPlatforms) = postSolution
		{F894E307-D3AA-4EF9-85BC-87E94D56FA36}.Debug|Any CPU.ActiveCfg = Debug|Any CPU
		{F894E307-D3AA-4EF9-85BC-87E94D56FA36}.Debug|Any CPU.Build.0 = Debug|Any CPU
		{F894E307-D3AA-4EF9-85BC-87E94D56FA36}.Release|Any CPU.ActiveCfg = Release|Any CPU
		{F894E307-D3AA-4EF9-85BC-87E94D56FA36}.Release|Any CPU.Build.0 = Release|Any CPU
		{E065690C-87DF-46D0-8743-F916E9DF386E}.Debug|Any CPU.ActiveCfg = Debug|Any CPU
		{E065690C-87DF-46D0-8743-F916E9DF386E}.Debug|Any CPU.Build.0 = Debug|Any CPU
		{E065690C-87DF-46D0-8743-F916E9DF386E}.Release|Any CPU.ActiveCfg = Release|Any CPU
		{E065690C-87DF-46D0-8743-F916E9DF386E}.Release|Any CPU.Build.0 = Release|Any CPU
		{B8B02754-FAC0-462C-A35D-F7CC8ACD6719}.Debug|Any CPU.ActiveCfg = Debug|Any CPU
		{B8B02754-FAC0-462C-A35D-F7CC8ACD6719}.Debug|Any CPU.Build.0 = Debug|Any CPU
		{B8B02754-FAC0-462C-A35D-F7CC8ACD6719}.Release|Any CPU.ActiveCfg = Release|Any CPU
		{B8B02754-FAC0-462C-A35D-F7CC8ACD6719}.Release|Any CPU.Build.0 = Release|Any CPU
		{DA11A498-564B-447F-BF90-F07715E68541}.Debug|Any CPU.ActiveCfg = Debug|Any CPU
		{DA11A498-564B-447F-BF90-F07715E68541}.Debug|Any CPU.Build.0 = Debug|Any CPU
		{DA11A498-564B-447F-BF90-F07715E68541}.Release|Any CPU.ActiveCfg = Release|Any CPU
		{DA11A498-564B-447F-BF90-F07715E68541}.Release|Any CPU.Build.0 = Release|Any CPU
		{B4E0A21D-A655-4F87-AFAC-6D7EE661D069}.Debug|Any CPU.ActiveCfg = Debug|Any CPU
		{B4E0A21D-A655-4F87-AFAC-6D7EE661D069}.Debug|Any CPU.Build.0 = Debug|Any CPU
		{B4E0A21D-A655-4F87-AFAC-6D7EE661D069}.Release|Any CPU.ActiveCfg = Release|Any CPU
		{B4E0A21D-A655-4F87-AFAC-6D7EE661D069}.Release|Any CPU.Build.0 = Release|Any CPU
	EndGlobalSection
	GlobalSection(SolutionProperties) = preSolution
		HideSolutionNode = FALSE
	EndGlobalSection
	GlobalSection(ExtensibilityGlobals) = postSolution
		SolutionGuid = {874F67ED-271A-4D8B-A672-9C2D48013071}
	EndGlobalSection
EndGlobal
